
Microsoft Visual Studio Solution File, Format Version 12.00
# Visual Studio 14
VisualStudioVersion = 14.0.23107.0
MinimumVisualStudioVersion = 10.0.40219.1
Project("{FAE04EC0-301F-11D3-BF4B-00C04F79EFBC}") = "NWT-Rezervacija", "NWT-Rezervacija\NWT-Rezervacija.csproj", "{9217EB54-B5E0-4E2D-9958-A5F5E5365F21}"
EndProject
Global
	GlobalSection(SolutionConfigurationPlatforms) = preSolution
		Debug|Any CPU = Debug|Any CPU
		Release|Any CPU = Release|Any CPU
	EndGlobalSection
	GlobalSection(ProjectConfigurationPlatforms) = postSolution
		{9217EB54-B5E0-4E2D-9958-A5F5E5365F21}.Debug|Any CPU.ActiveCfg = Debug|Any CPU
		{9217EB54-B5E0-4E2D-9958-A5F5E5365F21}.Debug|Any CPU.Build.0 = Debug|Any CPU
		{9217EB54-B5E0-4E2D-9958-A5F5E5365F21}.Release|Any CPU.ActiveCfg = Release|Any CPU
		{9217EB54-B5E0-4E2D-9958-A5F5E5365F21}.Release|Any CPU.Build.0 = Release|Any CPU
	EndGlobalSection
	GlobalSection(SolutionProperties) = preSolution
		HideSolutionNode = FALSE
	EndGlobalSection
EndGlobal
